
Microsoft Visual Studio Solution File, Format Version 12.00
# Visual Studio Version 17
VisualStudioVersion = 17.9.34616.47
MinimumVisualStudioVersion = 10.0.40219.1
Project("{8BC9CEB8-8B4A-11D0-8D11-00A0C91BC942}") = "Static1", "Static1\Static1.vcxproj", "{7BE59D7D-2F8A-4ED5-8129-FDF9875734E5}"
EndProject
Project("{8BC9CEB8-8B4A-11D0-8D11-00A0C91BC942}") = "Static2", "Static2\Static2.vcxproj", "{4483BA3E-9E4C-4C74-B359-82E62B88812F}"
EndProject
Project("{8BC9CEB8-8B4A-11D0-8D11-00A0C91BC942}") = "Constructor1", "Constructor1\Constructor1.vcxproj", "{A11BB370-A137-442D-96DE-438EBF423D13}"
EndProject
Project("{8BC9CEB8-8B4A-11D0-8D11-00A0C91BC942}") = "Destruktor", "Destruktor\Destruktor.vcxproj", "{7EDC7412-E909-49C4-85F8-7983A89AA1D5}"
EndProject
Project("{8BC9CEB8-8B4A-11D0-8D11-00A0C91BC942}") = "ChainFunction", "ChainFunction\ChainFunction.vcxproj", "{81F01915-BE04-4441-8DDE-3F8C32830F69}"
EndProject
Global
	GlobalSection(SolutionConfigurationPlatforms) = preSolution
		Debug|x64 = Debug|x64
		Debug|x86 = Debug|x86
		Release|x64 = Release|x64
		Release|x86 = Release|x86
	EndGlobalSection
	GlobalSection(ProjectConfigurationPlatforms) = postSolution
		{7BE59D7D-2F8A-4ED5-8129-FDF9875734E5}.Debug|x64.ActiveCfg = Debug|x64
		{7BE59D7D-2F8A-4ED5-8129-FDF9875734E5}.Debug|x64.Build.0 = Debug|x64
		{7BE59D7D-2F8A-4ED5-8129-FDF9875734E5}.Debug|x86.ActiveCfg = Debug|Win32
		{7BE59D7D-2F8A-4ED5-8129-FDF9875734E5}.Debug|x86.Build.0 = Debug|Win32
		{7BE59D7D-2F8A-4ED5-8129-FDF9875734E5}.Release|x64.ActiveCfg = Release|x64
		{7BE59D7D-2F8A-4ED5-8129-FDF9875734E5}.Release|x64.Build.0 = Release|x64
		{7BE59D7D-2F8A-4ED5-8129-FDF9875734E5}.Release|x86.ActiveCfg = Release|Win32
		{7BE59D7D-2F8A-4ED5-8129-FDF9875734E5}.Release|x86.Build.0 = Release|Win32
		{4483BA3E-9E4C-4C74-B359-82E62B88812F}.Debug|x64.ActiveCfg = Debug|x64
		{4483BA3E-9E4C-4C74-B359-82E62B88812F}.Debug|x64.Build.0 = Debug|x64
		{4483BA3E-9E4C-4C74-B359-82E62B88812F}.Debug|x86.ActiveCfg = Debug|Win32
		{4483BA3E-9E4C-4C74-B359-82E62B88812F}.Debug|x86.Build.0 = Debug|Win32
		{4483BA3E-9E4C-4C74-B359-82E62B88812F}.Release|x64.ActiveCfg = Release|x64
		{4483BA3E-9E4C-4C74-B359-82E62B88812F}.Release|x64.Build.0 = Release|x64
		{4483BA3E-9E4C-4C74-B359-82E62B88812F}.Release|x86.ActiveCfg = Release|Win32
		{4483BA3E-9E4C-4C74-B359-82E62B88812F}.Release|x86.Build.0 = Release|Win32
		{A11BB370-A137-442D-96DE-438EBF423D13}.Debug|x64.ActiveCfg = Debug|x64
		{A11BB370-A137-442D-96DE-438EBF423D13}.Debug|x64.Build.0 = Debug|x64
		{A11BB370-A137-442D-96DE-438EBF423D13}.Debug|x86.ActiveCfg = Debug|Win32
		{A11BB370-A137-442D-96DE-438EBF423D13}.Debug|x86.Build.0 = Debug|Win32
		{A11BB370-A137-442D-96DE-438EBF423D13}.Release|x64.ActiveCfg = Release|x64
		{A11BB370-A137-442D-96DE-438EBF423D13}.Release|x64.Build.0 = Release|x64
		{A11BB370-A137-442D-96DE-438EBF423D13}.Release|x86.ActiveCfg = Release|Win32
		{A11BB370-A137-442D-96DE-438EBF423D13}.Release|x86.Build.0 = Release|Win32
		{7EDC7412-E909-49C4-85F8-7983A89AA1D5}.Debug|x64.ActiveCfg = Debug|x64
		{7EDC7412-E909-49C4-85F8-7983A89AA1D5}.Debug|x64.Build.0 = Debug|x64
		{7EDC7412-E909-49C4-85F8-7983A89AA1D5}.Debug|x86.ActiveCfg = Debug|Win32
		{7EDC7412-E909-49C4-85F8-7983A89AA1D5}.Debug|x86.Build.0 = Debug|Win32
		{7EDC7412-E909-49C4-85F8-7983A89AA1D5}.Release|x64.ActiveCfg = Release|x64
		{7EDC7412-E909-49C4-85F8-7983A89AA1D5}.Release|x64.Build.0 = Release|x64
		{7EDC7412-E909-49C4-85F8-7983A89AA1D5}.Release|x86.ActiveCfg = Release|Win32
		{7EDC7412-E909-49C4-85F8-7983A89AA1D5}.Release|x86.Build.0 = Release|Win32
		{81F01915-BE04-4441-8DDE-3F8C32830F69}.Debug|x64.ActiveCfg = Debug|x64
		{81F01915-BE04-4441-8DDE-3F8C32830F69}.Debug|x64.Build.0 = Debug|x64
		{81F01915-BE04-4441-8DDE-3F8C32830F69}.Debug|x86.ActiveCfg = Debug|Win32
		{81F01915-BE04-4441-8DDE-3F8C32830F69}.Debug|x86.Build.0 = Debug|Win32
		{81F01915-BE04-4441-8DDE-3F8C32830F69}.Release|x64.ActiveCfg = Release|x64
		{81F01915-BE04-4441-8DDE-3F8C32830F69}.Release|x64.Build.0 = Release|x64
		{81F01915-BE04-4441-8DDE-3F8C32830F69}.Release|x86.ActiveCfg = Release|Win32
		{81F01915-BE04-4441-8DDE-3F8C32830F69}.Release|x86.Build.0 = Release|Win32
	EndGlobalSection
	GlobalSection(SolutionProperties) = preSolution
		HideSolutionNode = FALSE
	EndGlobalSection
	GlobalSection(ExtensibilityGlobals) = postSolution
		SolutionGuid = {71055DD2-9131-4495-BB92-74619CB1DE38}
	EndGlobalSection
EndGlobal
